# @generated - this file is auto-generated by `mise lock` https://mise.jdx.dev/dev-tools/mise-lock.html

[[tools.gh]]
version = "2.100.0"
backend = "aqua:cli/cli"

[tools.gh."platforms.linux-arm64"]
checksum = "sha256:ea4e7a581a32ccad6cc7923cb1576ac5859ba4b9a16ab22eb8f8a96e78e2e961"
url = "https://github.com/cli/cli/releases/download/v2.100.0/gh_2.100.0_linux_arm64.tar.gz"
url_api = "https://api.github.com/repos/cli/cli/releases/assets/542974279"
provenance = "github-attestations"

[tools.gh."platforms.linux-arm64-musl"]
checksum = "sha256:ea4e7a581a32ccad6cc7923cb1576ac5859ba4b9a16ab22eb8f8a96e78e2e961"
url = "https://github.com/cli/cli/releases/download/v2.100.0/gh_2.100.0_linux_arm64.tar.gz"
url_api = "https://api.github.com/repos/cli/cli/releases/assets/542974279"
provenance = "github-attestations"

[tools.gh."platforms.linux-x64"]
checksum = "sha256:e4d4bb4498e8d007abe545b6568926793ace1b6447da598294a610018cb164be"
url = "https://github.com/cli/cli/releases/download/v2.100.0/gh_2.100.0_linux_amd64.tar.gz"
url_api = "https://api.github.com/repos/cli/cli/releases/assets/542974264"
provenance = "github-attestations"

[tools.gh."platforms.linux-x64-musl"]
checksum = "sha256:e4d4bb4498e8d007abe545b6568926793ace1b6447da598294a610018cb164be"
url = "https://github.com/cli/cli/releases/download/v2.100.0/gh_2.100.0_linux_amd64.tar.gz"
url_api = "https://api.github.com/repos/cli/cli/releases/assets/542974264"
provenance = "github-attestations"

[tools.gh."platforms.macos-arm64"]
checksum = "sha256:45f9a62da2f6e641a7fad57e2ce39656dfd7ef331372d80a2a2aed65abb01642"
url = "https://github.com/cli/cli/releases/download/v2.100.0/gh_2.100.0_macOS_arm64.zip"
url_api = "https://api.github.com/repos/cli/cli/releases/assets/542974295"
provenance = "github-attestations"

[tools.gh."platforms.macos-x64"]
checksum = "sha256:fcd7799e85eb575f3c7d2b1679bfbfedaefa1269d4bc7d096b51e10939b4812b"
url = "https://github.com/cli/cli/releases/download/v2.100.0/gh_2.100.0_macOS_amd64.zip"
url_api = "https://api.github.com/repos/cli/cli/releases/assets/542974293"
provenance = "github-attestations"

[tools.gh."platforms.windows-x64"]
checksum = "sha256:227e35230b25db3fa1b997bab7cf4d67df0470a3b75b99e4ee66bce1a7cd4e72"
url = "https://github.com/cli/cli/releases/download/v2.100.0/gh_2.100.0_windows_amd64.zip"
url_api = "https://api.github.com/repos/cli/cli/releases/assets/542974322"
provenance = "github-attestations"

[[tools."github:EmbarkStudios/cargo-about"]]
version = "0.8.4"
backend = "github:EmbarkStudios/cargo-about"

[tools."github:EmbarkStudios/cargo-about"."platforms.linux-arm64"]
checksum = "sha256:33e0d54c0366308095fdb9101642d281b224131299e1c62001f43aa02bb3573e"
url = "https://github.com/EmbarkStudios/cargo-about/releases/download/0.8.4/cargo-about-0.8.4-aarch64-unknown-linux-musl.tar.gz"
url_api = "https://api.github.com/repos/EmbarkStudios/cargo-about/releases/assets/324268870"

[tools."github:EmbarkStudios/cargo-about"."platforms.linux-arm64-musl"]
checksum = "sha256:33e0d54c0366308095fdb9101642d281b224131299e1c62001f43aa02bb3573e"
url = "https://github.com/EmbarkStudios/cargo-about/releases/download/0.8.4/cargo-about-0.8.4-aarch64-unknown-linux-musl.tar.gz"
url_api = "https://api.github.com/repos/EmbarkStudios/cargo-about/releases/assets/324268870"

[tools."github:EmbarkStudios/cargo-about"."platforms.linux-x64"]
checksum = "sha256:c7381aa0cdc41fc0ee662cec8daa260da7817ad8ddea04cd4ddad425460adf14"
url = "https://github.com/EmbarkStudios/cargo-about/releases/download/0.8.4/cargo-about-0.8.4-x86_64-unknown-linux-musl.tar.gz"
url_api = "https://api.github.com/repos/EmbarkStudios/cargo-about/releases/assets/324268787"

[tools."github:EmbarkStudios/cargo-about"."platforms.linux-x64-musl"]
checksum = "sha256:c7381aa0cdc41fc0ee662cec8daa260da7817ad8ddea04cd4ddad425460adf14"
url = "https://github.com/EmbarkStudios/cargo-about/releases/download/0.8.4/cargo-about-0.8.4-x86_64-unknown-linux-musl.tar.gz"
url_api = "https://api.github.com/repos/EmbarkStudios/cargo-about/releases/assets/324268787"

[tools."github:EmbarkStudios/cargo-about"."platforms.macos-arm64"]
checksum = "sha256:d5255ead3ac861a11c785bf19d4f70f16e59ac8b9519c312da61213d3d57351d"
url = "https://github.com/EmbarkStudios/cargo-about/releases/download/0.8.4/cargo-about-0.8.4-aarch64-apple-darwin.tar.gz"
url_api = "https://api.github.com/repos/EmbarkStudios/cargo-about/releases/assets/324268695"

[tools."github:EmbarkStudios/cargo-about"."platforms.macos-x64"]
checksum = "sha256:e918d49c481f43eb17da92c406839d5c01d480261d8026a017f3d23706009d0d"
url = "https://github.com/EmbarkStudios/cargo-about/releases/download/0.8.4/cargo-about-0.8.4-x86_64-apple-darwin.tar.gz"
url_api = "https://api.github.com/repos/EmbarkStudios/cargo-about/releases/assets/324269953"

[tools."github:EmbarkStudios/cargo-about"."platforms.windows-x64"]
checksum = "sha256:d5c38fb914bbad57c6a7d58c4847315bc3fe11efbe4fb51b3c515f997a56ceb7"
url = "https://github.com/EmbarkStudios/cargo-about/releases/download/0.8.4/cargo-about-0.8.4-x86_64-pc-windows-msvc.tar.gz"
url_api = "https://api.github.com/repos/EmbarkStudios/cargo-about/releases/assets/324269449"

[[tools."github:rust-cross/cargo-zigbuild"]]
version = "0.23.4"
backend = "github:rust-cross/cargo-zigbuild"

[tools."github:rust-cross/cargo-zigbuild"."platforms.linux-arm64"]
checksum = "sha256:25cf2cdc6cde848b33a761ff2cf46d1efe6ba7e1adfc4b6f3ee2d570cacb5419"
url = "https://github.com/rust-cross/cargo-zigbuild/releases/download/v0.23.4/cargo-zigbuild-aarch64-unknown-linux-gnu.tar.xz"
url_api = "https://api.github.com/repos/rust-cross/cargo-zigbuild/releases/assets/541272860"

[tools."github:rust-cross/cargo-zigbuild"."platforms.linux-arm64-musl"]
checksum = "sha256:25cf2cdc6cde848b33a761ff2cf46d1efe6ba7e1adfc4b6f3ee2d570cacb5419"
url = "https://github.com/rust-cross/cargo-zigbuild/releases/download/v0.23.4/cargo-zigbuild-aarch64-unknown-linux-gnu.tar.xz"
url_api = "https://api.github.com/repos/rust-cross/cargo-zigbuild/releases/assets/541272860"

[tools."github:rust-cross/cargo-zigbuild"."platforms.linux-x64"]
checksum = "sha256:6b69963040818ca1ef573d8135a95aa902e17cf7f873c32c6426642dadfe7f59"
url = "https://github.com/rust-cross/cargo-zigbuild/releases/download/v0.23.4/cargo-zigbuild-x86_64-unknown-linux-gnu.tar.xz"
url_api = "https://api.github.com/repos/rust-cross/cargo-zigbuild/releases/assets/541272889"

[tools."github:rust-cross/cargo-zigbuild"."platforms.linux-x64-musl"]
checksum = "sha256:9e3cf73485edbd45905c8aadbc0fdf869c7ddc3848f0c898229f2680db52e44b"
url = "https://github.com/rust-cross/cargo-zigbuild/releases/download/v0.23.4/cargo-zigbuild-x86_64-unknown-linux-musl.tar.xz"
url_api = "https://api.github.com/repos/rust-cross/cargo-zigbuild/releases/assets/541272909"

[tools."github:rust-cross/cargo-zigbuild"."platforms.macos-arm64"]
checksum = "sha256:ca2369ae1a9995542206a6c18dd372acff94dddeb9d7c07e09bfb7594197cea3"
url = "https://github.com/rust-cross/cargo-zigbuild/releases/download/v0.23.4/cargo-zigbuild-aarch64-apple-darwin.tar.xz"
url_api = "https://api.github.com/repos/rust-cross/cargo-zigbuild/releases/assets/541272865"

[tools."github:rust-cross/cargo-zigbuild"."platforms.macos-x64"]
checksum = "sha256:79463de3b10811fcebe91a3771f9658a2e40178eb6de66a2d379d12fe5317b6c"
url = "https://github.com/rust-cross/cargo-zigbuild/releases/download/v0.23.4/cargo-zigbuild-x86_64-apple-darwin.tar.xz"
url_api = "https://api.github.com/repos/rust-cross/cargo-zigbuild/releases/assets/541272875"

[tools."github:rust-cross/cargo-zigbuild"."platforms.windows-x64"]
checksum = "sha256:cd1226091f9f99ac7b46fb413968fb0b46edbe3ea961817d31b968352de4d4a6"
url = "https://github.com/rust-cross/cargo-zigbuild/releases/download/v0.23.4/cargo-zigbuild-x86_64-pc-windows-msvc.zip"
url_api = "https://api.github.com/repos/rust-cross/cargo-zigbuild/releases/assets/541272877"

[[tools.helm]]
version = "4.1.1"
backend = "aqua:helm/helm"

[tools.helm."platforms.linux-arm64"]
checksum = "sha256:02a5fb7742469d2d132e24cb7c3f52885894043576588c6788b6813297629edd"
url = "https://get.helm.sh/helm-v4.1.1-linux-arm64.tar.gz"

[tools.helm."platforms.linux-arm64-musl"]
checksum = "sha256:02a5fb7742469d2d132e24cb7c3f52885894043576588c6788b6813297629edd"
url = "https://get.helm.sh/helm-v4.1.1-linux-arm64.tar.gz"

[tools.helm."platforms.linux-x64"]
checksum = "sha256:5d4c7623283e6dfb1971957f4b755468ab64917066a8567dd50464af298f4031"
url = "https://get.helm.sh/helm-v4.1.1-linux-amd64.tar.gz"

[tools.helm."platforms.linux-x64-musl"]
checksum = "sha256:5d4c7623283e6dfb1971957f4b755468ab64917066a8567dd50464af298f4031"
url = "https://get.helm.sh/helm-v4.1.1-linux-amd64.tar.gz"

[tools.helm."platforms.macos-arm64"]
checksum = "sha256:b8f49e105b1d2fd8c8a90ba3fc9af48db91d2d1ca3b9e788352fc7c896bbb71a"
url = "https://get.helm.sh/helm-v4.1.1-darwin-arm64.tar.gz"

[tools.helm."platforms.macos-x64"]
checksum = "sha256:6b8dbb03abb74e9ab8e69ca3f9b6459178be11317d0ac502f922621c05fdc866"
url = "https://get.helm.sh/helm-v4.1.1-darwin-amd64.tar.gz"

[tools.helm."platforms.windows-x64"]
checksum = "sha256:bd0528a18d8a22431426eab3138a9479dfae00350719ac4150e81b123bfd6081"
url = "https://get.helm.sh/helm-v4.1.1-windows-amd64.tar.gz"

[[tools.rust]]
version = "1.97.1"
backend = "core:rust"

[tools.rust.options]
components = "clippy,llvm-tools-preview,rustfmt"
profile = "minimal"
targets = "aarch64-unknown-linux-musl,x86_64-unknown-linux-musl"

[[tools.shellcheck]]
version = "0.11.0"
backend = "aqua:koalaman/shellcheck"

[tools.shellcheck."platforms.linux-arm64"]
checksum = "sha256:12b331c1d2db6b9eb13cfca64306b1b157a86eb69db83023e261eaa7e7c14588"
url = "https://github.com/koalaman/shellcheck/releases/download/v0.11.0/shellcheck-v0.11.0.linux.aarch64.tar.xz"
url_api = "https://api.github.com/repos/koalaman/shellcheck/releases/assets/279056934"

[tools.shellcheck."platforms.linux-arm64-musl"]
checksum = "sha256:12b331c1d2db6b9eb13cfca64306b1b157a86eb69db83023e261eaa7e7c14588"
url = "https://github.com/koalaman/shellcheck/releases/download/v0.11.0/shellcheck-v0.11.0.linux.aarch64.tar.xz"
url_api = "https://api.github.com/repos/koalaman/shellcheck/releases/assets/279056934"

[tools.shellcheck."platforms.linux-x64"]
checksum = "sha256:8c3be12b05d5c177a04c29e3c78ce89ac86f1595681cab149b65b97c4e227198"
url = "https://github.com/koalaman/shellcheck/releases/download/v0.11.0/shellcheck-v0.11.0.linux.x86_64.tar.xz"
url_api = "https://api.github.com/repos/koalaman/shellcheck/releases/assets/279056942"

[tools.shellcheck."platforms.linux-x64-musl"]
checksum = "sha256:8c3be12b05d5c177a04c29e3c78ce89ac86f1595681cab149b65b97c4e227198"
url = "https://github.com/koalaman/shellcheck/releases/download/v0.11.0/shellcheck-v0.11.0.linux.x86_64.tar.xz"
url_api = "https://api.github.com/repos/koalaman/shellcheck/releases/assets/279056942"

[tools.shellcheck."platforms.macos-arm64"]
checksum = "sha256:56affdd8de5527894dca6dc3d7e0a99a873b0f004d7aabc30ae407d3f48b0a79"
url = "https://github.com/koalaman/shellcheck/releases/download/v0.11.0/shellcheck-v0.11.0.darwin.aarch64.tar.xz"
url_api = "https://api.github.com/repos/koalaman/shellcheck/releases/assets/279056932"

[tools.shellcheck."platforms.macos-x64"]
checksum = "sha256:3c89db4edcab7cf1c27bff178882e0f6f27f7afdf54e859fa041fca10febe4c6"
url = "https://github.com/koalaman/shellcheck/releases/download/v0.11.0/shellcheck-v0.11.0.darwin.x86_64.tar.xz"
url_api = "https://api.github.com/repos/koalaman/shellcheck/releases/assets/279056930"

[tools.shellcheck."platforms.windows-x64"]
checksum = "sha256:8a4e35ab0b331c85d73567b12f2a444df187f483e5079ceffa6bda1faa2e740e"
url = "https://github.com/koalaman/shellcheck/releases/download/v0.11.0/shellcheck-v0.11.0.zip"
url_api = "https://api.github.com/repos/koalaman/shellcheck/releases/assets/279056944"

[[tools.zig]]
version = "0.15.2"
backend = "core:zig"

[tools.zig."platforms.linux-arm64"]
checksum = "sha256:958ed7d1e00d0ea76590d27666efbf7a932281b3d7ba0c6b01b0ff26498f667f"
url = "https://ziglang.org/download/0.15.2/zig-aarch64-linux-0.15.2.tar.xz"

[tools.zig."platforms.linux-arm64-musl"]
checksum = "sha256:958ed7d1e00d0ea76590d27666efbf7a932281b3d7ba0c6b01b0ff26498f667f"
url = "https://ziglang.org/download/0.15.2/zig-aarch64-linux-0.15.2.tar.xz"

[tools.zig."platforms.linux-x64"]
checksum = "sha256:02aa270f183da276e5b5920b1dac44a63f1a49e55050ebde3aecc9eb82f93239"
url = "https://ziglang.org/download/0.15.2/zig-x86_64-linux-0.15.2.tar.xz"

[tools.zig."platforms.linux-x64-musl"]
checksum = "sha256:02aa270f183da276e5b5920b1dac44a63f1a49e55050ebde3aecc9eb82f93239"
url = "https://ziglang.org/download/0.15.2/zig-x86_64-linux-0.15.2.tar.xz"

[tools.zig."platforms.macos-arm64"]
checksum = "sha256:3cc2bab367e185cdfb27501c4b30b1b0653c28d9f73df8dc91488e66ece5fa6b"
url = "https://ziglang.org/download/0.15.2/zig-aarch64-macos-0.15.2.tar.xz"

[tools.zig."platforms.macos-x64"]
checksum = "sha256:375b6909fc1495d16fc2c7db9538f707456bfc3373b14ee83fdd3e22b3d43f7f"
url = "https://ziglang.org/download/0.15.2/zig-x86_64-macos-0.15.2.tar.xz"

[tools.zig."platforms.windows-x64"]
checksum = "sha256:3a0ed1e8799a2f8ce2a6e6290a9ff22e6906f8227865911fb7ddedc3cc14cb0c"
url = "https://ziglang.org/download/0.15.2/zig-x86_64-windows-0.15.2.zip"
